
Microsoft Visual Studio Solution File, Format Version 12.00
# Visual Studio 15
VisualStudioVersion = 15.0.28307.902
MinimumVisualStudioVersion = 10.0.40219.1
Project("{FAE04EC0-301F-11D3-BF4B-00C04F79EFBC}") = "DBML", "DBML\DBML.csproj", "{12D0E7F3-E5FF-45C6-BE29-13F7E7569BB3}"
EndProject
Project("{FAE04EC0-301F-11D3-BF4B-00C04F79EFBC}") = "IBase", "IBase\IBase.csproj", "{3C92250C-D012-4EB2-AE24-229583721D2D}"
EndProject
Project("{FAE04EC0-301F-11D3-BF4B-00C04F79EFBC}") = "Factory", "Factory\Factory.csproj", "{0943627B-01FE-40CD-AD12-72C5287621DD}"
EndProject
Project("{FAE04EC0-301F-11D3-BF4B-00C04F79EFBC}") = "Utility", "Utility\Utility.csproj", "{0ADA4080-1884-44D2-A0AD-C91E5C96CFC0}"
EndProject
Project("{FAE04EC0-301F-11D3-BF4B-00C04F79EFBC}") = "DAL", "DAL\DAL.csproj", "{827AD114-AFAE-4BFC-8319-59A3A9E7DA5C}"
EndProject
Project("{FAE04EC0-301F-11D3-BF4B-00C04F79EFBC}") = "BLL", "BLL\BLL.csproj", "{DF203472-D3A1-44B5-B92D-79F893B2DC0F}"
EndProject
Project("{FAE04EC0-301F-11D3-BF4B-00C04F79EFBC}") = "USL", "USL\USL.csproj", "{56D10E3E-3A00-4488-A0BC-DB5C57C20356}"
EndProject
Project("{FAE04EC0-301F-11D3-BF4B-00C04F79EFBC}") = "CommonLibrary", "CommonLibrary\CommonLibrary.csproj", "{4220D821-1E36-453E-88F7-0C932372FCEE}"
EndProject
Project("{FAE04EC0-301F-11D3-BF4B-00C04F79EFBC}") = "CustomComponent", "CustomComponent\CustomComponent.csproj", "{DF90DCBB-5E18-4918-BAE5-5551C1897DA2}"
EndProject
Project("{FAE04EC0-301F-11D3-BF4B-00C04F79EFBC}") = "Hosting", "Hosting\Hosting.csproj", "{A6596911-C26A-49FE-ADAB-831771C31039}"
EndProject
Project("{FAE04EC0-301F-11D3-BF4B-00C04F79EFBC}") = "Services", "Services\Services.csproj", "{2F67A245-A0BE-43BF-A895-A970CA42B76D}"
EndProject
Project("{FAE04EC0-301F-11D3-BF4B-00C04F79EFBC}") = "Common", "Common\Common.csproj", "{79951FCF-E737-4E62-AEA7-EFAE14F3DB96}"
EndProject
Project("{FAE04EC0-301F-11D3-BF4B-00C04F79EFBC}") = "WcfService", "WcfService\WcfService.csproj", "{33C2DCDD-7C3F-4D77-82F9-62F6CF192608}"
EndProject
Project("{FAE04EC0-301F-11D3-BF4B-00C04F79EFBC}") = "IWcfServiceInterface", "IWcfServiceInterface\IWcfServiceInterface.csproj", "{9B3855F6-F671-437B-934F-28C3102E1B53}"
EndProject
Project("{FAE04EC0-301F-11D3-BF4B-00C04F79EFBC}") = "EDMX", "EDMX\EDMX.csproj", "{A30E02AE-347D-48BD-8971-76D4EDFA4FB7}"
EndProject
Project("{FAE04EC0-301F-11D3-BF4B-00C04F79EFBC}") = "ClientFactory", "ClientFactory\ClientFactory.csproj", "{E4E7C12F-B82F-4E60-8A31-7EBEC67ABF50}"
EndProject
Global
	GlobalSection(SolutionConfigurationPlatforms) = preSolution
		Debug|Any CPU = Debug|Any CPU
		Release|Any CPU = Release|Any CPU
	EndGlobalSection
	GlobalSection(ProjectConfigurationPlatforms) = postSolution
		{12D0E7F3-E5FF-45C6-BE29-13F7E7569BB3}.Debug|Any CPU.ActiveCfg = Debug|Any CPU
		{12D0E7F3-E5FF-45C6-BE29-13F7E7569BB3}.Debug|Any CPU.Build.0 = Debug|Any CPU
		{12D0E7F3-E5FF-45C6-BE29-13F7E7569BB3}.Release|Any CPU.ActiveCfg = Release|Any CPU
		{12D0E7F3-E5FF-45C6-BE29-13F7E7569BB3}.Release|Any CPU.Build.0 = Release|Any CPU
		{3C92250C-D012-4EB2-AE24-229583721D2D}.Debug|Any CPU.ActiveCfg = Debug|Any CPU
		{3C92250C-D012-4EB2-AE24-229583721D2D}.Debug|Any CPU.Build.0 = Debug|Any CPU
		{3C92250C-D012-4EB2-AE24-229583721D2D}.Release|Any CPU.ActiveCfg = Release|Any CPU
		{3C92250C-D012-4EB2-AE24-229583721D2D}.Release|Any CPU.Build.0 = Release|Any CPU
		{0943627B-01FE-40CD-AD12-72C5287621DD}.Debug|Any CPU.ActiveCfg = Debug|Any CPU
		{0943627B-01FE-40CD-AD12-72C5287621DD}.Debug|Any CPU.Build.0 = Debug|Any CPU
		{0943627B-01FE-40CD-AD12-72C5287621DD}.Release|Any CPU.ActiveCfg = Release|Any CPU
		{0943627B-01FE-40CD-AD12-72C5287621DD}.Release|Any CPU.Build.0 = Release|Any CPU
		{0ADA4080-1884-44D2-A0AD-C91E5C96CFC0}.Debug|Any CPU.ActiveCfg = Debug|Any CPU
		{0ADA4080-1884-44D2-A0AD-C91E5C96CFC0}.Debug|Any CPU.Build.0 = Debug|Any CPU
		{0ADA4080-1884-44D2-A0AD-C91E5C96CFC0}.Release|Any CPU.ActiveCfg = Release|Any CPU
		{0ADA4080-1884-44D2-A0AD-C91E5C96CFC0}.Release|Any CPU.Build.0 = Release|Any CPU
		{827AD114-AFAE-4BFC-8319-59A3A9E7DA5C}.Debug|Any CPU.ActiveCfg = Debug|Any CPU
		{827AD114-AFAE-4BFC-8319-59A3A9E7DA5C}.Debug|Any CPU.Build.0 = Debug|Any CPU
		{827AD114-AFAE-4BFC-8319-59A3A9E7DA5C}.Release|Any CPU.ActiveCfg = Release|Any CPU
		{827AD114-AFAE-4BFC-8319-59A3A9E7DA5C}.Release|Any CPU.Build.0 = Release|Any CPU
		{DF203472-D3A1-44B5-B92D-79F893B2DC0F}.Debug|Any CPU.ActiveCfg = Debug|Any CPU
		{DF203472-D3A1-44B5-B92D-79F893B2DC0F}.Debug|Any CPU.Build.0 = Debug|Any CPU
		{DF203472-D3A1-44B5-B92D-79F893B2DC0F}.Release|Any CPU.ActiveCfg = Release|Any CPU
		{DF203472-D3A1-44B5-B92D-79F893B2DC0F}.Release|Any CPU.Build.0 = Release|Any CPU
		{56D10E3E-3A00-4488-A0BC-DB5C57C20356}.Debug|Any CPU.ActiveCfg = Debug|Any CPU
		{56D10E3E-3A00-4488-A0BC-DB5C57C20356}.Debug|Any CPU.Build.0 = Debug|Any CPU
		{56D10E3E-3A00-4488-A0BC-DB5C57C20356}.Release|Any CPU.ActiveCfg = Release|Any CPU
		{56D10E3E-3A00-4488-A0BC-DB5C57C20356}.Release|Any CPU.Build.0 = Release|Any CPU
		{4220D821-1E36-453E-88F7-0C932372FCEE}.Debug|Any CPU.ActiveCfg = Debug|Any CPU
		{4220D821-1E36-453E-88F7-0C932372FCEE}.Debug|Any CPU.Build.0 = Debug|Any CPU
		{4220D821-1E36-453E-88F7-0C932372FCEE}.Release|Any CPU.ActiveCfg = Release|Any CPU
		{4220D821-1E36-453E-88F7-0C932372FCEE}.Release|Any CPU.Build.0 = Release|Any CPU
		{DF90DCBB-5E18-4918-BAE5-5551C1897DA2}.Debug|Any CPU.ActiveCfg = Debug|Any CPU
		{DF90DCBB-5E18-4918-BAE5-5551C1897DA2}.Debug|Any CPU.Build.0 = Debug|Any CPU
		{DF90DCBB-5E18-4918-BAE5-5551C1897DA2}.Release|Any CPU.ActiveCfg = Release|Any CPU
		{DF90DCBB-5E18-4918-BAE5-5551C1897DA2}.Release|Any CPU.Build.0 = Release|Any CPU
		{A6596911-C26A-49FE-ADAB-831771C31039}.Debug|Any CPU.ActiveCfg = Debug|Any CPU
		{A6596911-C26A-49FE-ADAB-831771C31039}.Debug|Any CPU.Build.0 = Debug|Any CPU
		{A6596911-C26A-49FE-ADAB-831771C31039}.Release|Any CPU.ActiveCfg = Release|Any CPU
		{A6596911-C26A-49FE-ADAB-831771C31039}.Release|Any CPU.Build.0 = Release|Any CPU
		{2F67A245-A0BE-43BF-A895-A970CA42B76D}.Debug|Any CPU.ActiveCfg = Debug|Any CPU
		{2F67A245-A0BE-43BF-A895-A970CA42B76D}.Debug|Any CPU.Build.0 = Debug|Any CPU
		{2F67A245-A0BE-43BF-A895-A970CA42B76D}.Release|Any CPU.ActiveCfg = Release|Any CPU
		{2F67A245-A0BE-43BF-A895-A970CA42B76D}.Release|Any CPU.Build.0 = Release|Any CPU
		{79951FCF-E737-4E62-AEA7-EFAE14F3DB96}.Debug|Any CPU.ActiveCfg = Debug|Any CPU
		{79951FCF-E737-4E62-AEA7-EFAE14F3DB96}.Debug|Any CPU.Build.0 = Debug|Any CPU
		{79951FCF-E737-4E62-AEA7-EFAE14F3DB96}.Release|Any CPU.ActiveCfg = Release|Any CPU
		{79951FCF-E737-4E62-AEA7-EFAE14F3DB96}.Release|Any CPU.Build.0 = Release|Any CPU
		{33C2DCDD-7C3F-4D77-82F9-62F6CF192608}.Debug|Any CPU.ActiveCfg = Debug|Any CPU
		{33C2DCDD-7C3F-4D77-82F9-62F6CF192608}.Debug|Any CPU.Build.0 = Debug|Any CPU
		{33C2DCDD-7C3F-4D77-82F9-62F6CF192608}.Release|Any CPU.ActiveCfg = Release|Any CPU
		{33C2DCDD-7C3F-4D77-82F9-62F6CF192608}.Release|Any CPU.Build.0 = Release|Any CPU
		{9B3855F6-F671-437B-934F-28C3102E1B53}.Debug|Any CPU.ActiveCfg = Debug|Any CPU
		{9B3855F6-F671-437B-934F-28C3102E1B53}.Debug|Any CPU.Build.0 = Debug|Any CPU
		{9B3855F6-F671-437B-934F-28C3102E1B53}.Release|Any CPU.ActiveCfg = Release|Any CPU
		{9B3855F6-F671-437B-934F-28C3102E1B53}.Release|Any CPU.Build.0 = Release|Any CPU
		{A30E02AE-347D-48BD-8971-76D4EDFA4FB7}.Debug|Any CPU.ActiveCfg = Debug|Any CPU
		{A30E02AE-347D-48BD-8971-76D4EDFA4FB7}.Debug|Any CPU.Build.0 = Debug|Any CPU
		{A30E02AE-347D-48BD-8971-76D4EDFA4FB7}.Release|Any CPU.ActiveCfg = Release|Any CPU
		{A30E02AE-347D-48BD-8971-76D4EDFA4FB7}.Release|Any CPU.Build.0 = Release|Any CPU
		{E4E7C12F-B82F-4E60-8A31-7EBEC67ABF50}.Debug|Any CPU.ActiveCfg = Debug|Any CPU
		{E4E7C12F-B82F-4E60-8A31-7EBEC67ABF50}.Debug|Any CPU.Build.0 = Debug|Any CPU
		{E4E7C12F-B82F-4E60-8A31-7EBEC67ABF50}.Release|Any CPU.ActiveCfg = Release|Any CPU
		{E4E7C12F-B82F-4E60-8A31-7EBEC67ABF50}.Release|Any CPU.Build.0 = Release|Any CPU
	EndGlobalSection
	GlobalSection(SolutionProperties) = preSolution
		HideSolutionNode = FALSE
	EndGlobalSection
	GlobalSection(ExtensibilityGlobals) = postSolution
		SolutionGuid = {EE2EE62A-2118-4F35-B26B-9BB8F8F5BE77}
	EndGlobalSection
EndGlobal
